// !$*UTF8*$!
{
	archiveVersion = 1;
	classes = {
	};
	objectVersion = 77;
	objects = {

/* Begin PBXBuildFile section */
		A53E59DC2D6BF6AF004D43DE /* DeckKit in Frameworks */ = {isa = PBXBuildFile; productRef = A53E59DB2D6BF6AF004D43DE /* DeckKit */; };
/* End PBXBuildFile section */

/* Begin PBXContainerItemProxy section */
		A50A01B22D6BEA5D0011EF6F /* PBXContainerItemProxy */ = {
			isa = PBXContainerItemProxy;
			containerPortal = A50A01992D6BEA5C0011EF6F /* Project object */;
			proxyType = 1;
			remoteGlobalIDString = A50A01A02D6BEA5C0011EF6F;
			remoteInfo = "happy-eat-infinity";
		};
		A50A01BC2D6BEA5D0011EF6F /* PBXContainerItemProxy */ = {
			isa = PBXContainerItemProxy;
			containerPortal = A50A01992D6BEA5C0011EF6F /* Project object */;
			proxyType = 1;
			remoteGlobalIDString = A50A01A02D6BEA5C0011EF6F;
			remoteInfo = "happy-eat-infinity";
		};
/* End PBXContainerItemProxy section */

/* Begin PBXFileReference section */
		A50A01A12D6BEA5C0011EF6F /* happy-eat-5.app */ = {isa = PBXFileReference; explicitFileType = wrapper.application; includeInIndex = 0; path = "happy-eat-5.app"; sourceTree = BUILT_PRODUCTS_DIR; };
		A50A01B12D6BEA5D0011EF6F /* happy-eat-5Tests.xctest */ = {isa = PBXFileReference; explicitFileType = wrapper.cfbundle; includeInIndex = 0; path = "happy-eat-5Tests.xctest"; sourceTree = BUILT_PRODUCTS_DIR; };
		A50A01BB2D6BEA5D0011EF6F /* happy-eat-5UITests.xctest */ = {isa = PBXFileReference; explicitFileType = wrapper.cfbundle; includeInIndex = 0; path = "happy-eat-5UITests.xctest"; sourceTree = BUILT_PRODUCTS_DIR; };
/* End PBXFileReference section */

/* Begin PBXFileSystemSynchronizedRootGroup section */
		A50A01A32D6BEA5C0011EF6F /* happy-eat-infinity */ = {
			isa = PBXFileSystemSynchronizedRootGroup;
			path = "happy-eat-infinity";
			sourceTree = "<group>";
		};
		A50A01B42D6BEA5D0011EF6F /* happy-eat-infinityTests */ = {
			isa = PBXFileSystemSynchronizedRootGroup;
			path = "happy-eat-infinityTests";
			sourceTree = "<group>";
		};
		A50A01BE2D6BEA5D0011EF6F /* happy-eat-infinityUITests */ = {
			isa = PBXFileSystemSynchronizedRootGroup;
			path = "happy-eat-infinityUITests";
			sourceTree = "<group>";
		};
		A50A01DD2D6BEC8F0011EF6F /* Resources */ = {
			isa = PBXFileSystemSynchronizedRootGroup;
			path = Resources;
			sourceTree = "<group>";
		};
/* End PBXFileSystemSynchronizedRootGroup section */

/* Begin PBXFrameworksBuildPhase section */
		A50A019E2D6BEA5C0011EF6F /* Frameworks */ = {
			isa = PBXFrameworksBuildPhase;
			buildActionMask = 2147483647;
			files = (
				A53E59DC2D6BF6AF004D43DE /* DeckKit in Frameworks */,
			);
			runOnlyForDeploymentPostprocessing = 0;
		};
		A50A01AE2D6BEA5D0011EF6F /* Frameworks */ = {
			isa = PBXFrameworksBuildPhase;
			buildActionMask = 2147483647;
			files = (
			);
			runOnlyForDeploymentPostprocessing = 0;
		};
		A50A01B82D6BEA5D0011EF6F /* Frameworks */ = {
			isa = PBXFrameworksBuildPhase;
			buildActionMask = 2147483647;
			files = (
			);
			runOnlyForDeploymentPostprocessing = 0;
		};
/* End PBXFrameworksBuildPhase section */

/* Begin PBXGroup section */
		A50A01982D6BEA5C0011EF6F = {
			isa = PBXGroup;
			children = (
				A50A01DD2D6BEC8F0011EF6F /* Resources */,
				A50A01A32D6BEA5C0011EF6F /* happy-eat-infinity */,
				A50A01B42D6BEA5D0011EF6F /* happy-eat-infinityTests */,
				A50A01BE2D6BEA5D0011EF6F /* happy-eat-infinityUITests */,
				A50A01A22D6BEA5C0011EF6F /* Products */,
			);
			sourceTree = "<group>";
		};
		A50A01A22D6BEA5C0011EF6F /* Products */ = {
			isa = PBXGroup;
			children = (
				A50A01A12D6BEA5C0011EF6F /* happy-eat-5.app */,
				A50A01B12D6BEA5D0011EF6F /* happy-eat-5Tests.xctest */,
				A50A01BB2D6BEA5D0011EF6F /* happy-eat-5UITests.xctest */,
			);
			name = Products;
			sourceTree = "<group>";
		};
/* End PBXGroup section */

/* Begin PBXNativeTarget section */
		A50A01A02D6BEA5C0011EF6F /* happy-eat-5 */ = {
			isa = PBXNativeTarget;
			buildConfigurationList = A50A01C52D6BEA5D0011EF6F /* Build configuration list for PBXNativeTarget "happy-eat-5" */;
			buildPhases = (
				A50A019D2D6BEA5C0011EF6F /* Sources */,
				A50A019E2D6BEA5C0011EF6F /* Frameworks */,
				A50A019F2D6BEA5C0011EF6F /* Resources */,
			);
			buildRules = (
			);
			dependencies = (
			);
			fileSystemSynchronizedGroups = (
				A50A01A32D6BEA5C0011EF6F /* happy-eat-infinity */,
				A50A01DD2D6BEC8F0011EF6F /* Resources */,
			);
			name = "happy-eat-5";
			packageProductDependencies = (
				A53E59DB2D6BF6AF004D43DE /* DeckKit */,
			);
			productName = "happy-eat-infinity";
			productReference = A50A01A12D6BEA5C0011EF6F /* happy-eat-5.app */;
			productType = "com.apple.product-type.application";
		};
		A50A01B02D6BEA5D0011EF6F /* happy-eat-5Tests */ = {
			isa = PBXNativeTarget;
			buildConfigurationList = A50A01C82D6BEA5D0011EF6F /* Build configuration list for PBXNativeTarget "happy-eat-5Tests" */;
			buildPhases = (
				A50A01AD2D6BEA5D0011EF6F /* Sources */,
				A50A01AE2D6BEA5D0011EF6F /* Frameworks */,
				A50A01AF2D6BEA5D0011EF6F /* Resources */,
			);
			buildRules = (
			);
			dependencies = (
				A50A01B32D6BEA5D0011EF6F /* PBXTargetDependency */,
			);
			fileSystemSynchronizedGroups = (
				A50A01B42D6BEA5D0011EF6F /* happy-eat-infinityTests */,
			);
			name = "happy-eat-5Tests";
			packageProductDependencies = (
			);
			productName = "happy-eat-infinityTests";
			productReference = A50A01B12D6BEA5D0011EF6F /* happy-eat-5Tests.xctest */;
			productType = "com.apple.product-type.bundle.unit-test";
		};
		A50A01BA2D6BEA5D0011EF6F /* happy-eat-5UITests */ = {
			isa = PBXNativeTarget;
			buildConfigurationList = A50A01CB2D6BEA5D0011EF6F /* Build configuration list for PBXNativeTarget "happy-eat-5UITests" */;
			buildPhases = (
				A50A01B72D6BEA5D0011EF6F /* Sources */,
				A50A01B82D6BEA5D0011EF6F /* Frameworks */,
				A50A01B92D6BEA5D0011EF6F /* Resources */,
			);
			buildRules = (
			);
			dependencies = (
				A50A01BD2D6BEA5D0011EF6F /* PBXTargetDependency */,
			);
			fileSystemSynchronizedGroups = (
				A50A01BE2D6BEA5D0011EF6F /* happy-eat-infinityUITests */,
			);
			name = "happy-eat-5UITests";
			packageProductDependencies = (
			);
			productName = "happy-eat-infinityUITests";
			productReference = A50A01BB2D6BEA5D0011EF6F /* happy-eat-5UITests.xctest */;
			productType = "com.apple.product-type.bundle.ui-testing";
		};
/* End PBXNativeTarget section */

/* Begin PBXProject section */
		A50A01992D6BEA5C0011EF6F /* Project object */ = {
			isa = PBXProject;
			attributes = {
				BuildIndependentTargetsInParallel = 1;
				LastSwiftUpdateCheck = 1620;
				LastUpgradeCheck = 1620;
				TargetAttributes = {
					A50A01A02D6BEA5C0011EF6F = {
						CreatedOnToolsVersion = 16.2;
					};
					A50A01B02D6BEA5D0011EF6F = {
						CreatedOnToolsVersion = 16.2;
						TestTargetID = A50A01A02D6BEA5C0011EF6F;
					};
					A50A01BA2D6BEA5D0011EF6F = {
						CreatedOnToolsVersion = 16.2;
						TestTargetID = A50A01A02D6BEA5C0011EF6F;
					};
				};
			};
			buildConfigurationList = A50A019C2D6BEA5C0011EF6F /* Build configuration list for PBXProject "happy-eat-5" */;
			developmentRegion = en;
			hasScannedForEncodings = 0;
			knownRegions = (
				en,
				Base,
			);
			mainGroup = A50A01982D6BEA5C0011EF6F;
			minimizedProjectReferenceProxies = 1;
			packageReferences = (
				A53E59DA2D6BF301004D43DE /* XCRemoteSwiftPackageReference "DeckKit" */,
			);
			preferredProjectObjectVersion = 77;
			productRefGroup = A50A01A22D6BEA5C0011EF6F /* Products */;
			projectDirPath = "";
			projectRoot = "";
			targets = (
				A50A01A02D6BEA5C0011EF6F /* happy-eat-5 */,
				A50A01B02D6BEA5D0011EF6F /* happy-eat-5Tests */,
				A50A01BA2D6BEA5D0011EF6F /* happy-eat-5UITests */,
			);
		};
/* End PBXProject section */

/* Begin PBXResourcesBuildPhase section */
		A50A019F2D6BEA5C0011EF6F /* Resources */ = {
			isa = PBXResourcesBuildPhase;
			buildActionMask = 2147483647;
			files = (
			);
			runOnlyForDeploymentPostprocessing = 0;
		};
		A50A01AF2D6BEA5D0011EF6F /* Resources */ = {
			isa = PBXResourcesBuildPhase;
			buildActionMask = 2147483647;
			files = (
			);
			runOnlyForDeploymentPostprocessing = 0;
		};
		A50A01B92D6BEA5D0011EF6F /* Resources */ = {
			isa = PBXResourcesBuildPhase;
			buildActionMask = 2147483647;
			files = (
			);
			runOnlyForDeploymentPostprocessing = 0;
		};
/* End PBXResourcesBuildPhase section */

/* Begin PBXSourcesBuildPhase section */
		A50A019D2D6BEA5C0011EF6F /* Sources */ = {
			isa = PBXSourcesBuildPhase;
			buildActionMask = 2147483647;
			files = (
			);
			runOnlyForDeploymentPostprocessing = 0;
		};
		A50A01AD2D6BEA5D0011EF6F /* Sources */ = {
			isa = PBXSourcesBuildPhase;
			buildActionMask = 2147483647;
			files = (
			);
			runOnlyForDeploymentPostprocessing = 0;
		};
		A50A01B72D6BEA5D0011EF6F /* Sources */ = {
			isa = PBXSourcesBuildPhase;
			buildActionMask = 2147483647;
			files = (
			);
			runOnlyForDeploymentPostprocessing = 0;
		};
/* End PBXSourcesBuildPhase section */

/* Begin PBXTargetDependency section */
		A50A01B32D6BEA5D0011EF6F /* PBXTargetDependency */ = {
			isa = PBXTargetDependency;
			target = A50A01A02D6BEA5C0011EF6F /* happy-eat-5 */;
			targetProxy = A50A01B22D6BEA5D0011EF6F /* PBXContainerItemProxy */;
		};
		A50A01BD2D6BEA5D0011EF6F /* PBXTargetDependency */ = {
			isa = PBXTargetDependency;
			target = A50A01A02D6BEA5C0011EF6F /* happy-eat-5 */;
			targetProxy = A50A01BC2D6BEA5D0011EF6F /* PBXContainerItemProxy */;
		};
/* End PBXTargetDependency section */

/* Begin XCBuildConfiguration section */
		A50A01C32D6BEA5D0011EF6F /* Debug */ = {
			isa = XCBuildConfiguration;
			buildSettings = {
				ALWAYS_SEARCH_USER_PATHS = NO;
				ASSETCATALOG_COMPILER_GENERATE_SWIFT_ASSET_SYMBOL_EXTENSIONS = YES;
				CLANG_ANALYZER_NONNULL = YES;
				CLANG_ANALYZER_NUMBER_OBJECT_CONVERSION = YES_AGGRESSIVE;
				CLANG_CXX_LANGUAGE_STANDARD = "gnu++20";
				CLANG_ENABLE_MODULES = YES;
				CLANG_ENABLE_OBJC_ARC = YES;
				CLANG_ENABLE_OBJC_WEAK = YES;
				CLANG_WARN_BLOCK_CAPTURE_AUTORELEASING = YES;
				CLANG_WARN_BOOL_CONVERSION = YES;
				CLANG_WARN_COMMA = YES;
				CLANG_WARN_CONSTANT_CONVERSION = YES;
				CLANG_WARN_DEPRECATED_OBJC_IMPLEMENTATIONS = YES;
				CLANG_WARN_DIRECT_OBJC_ISA_USAGE = YES_ERROR;
				CLANG_WARN_DOCUMENTATION_COMMENTS = YES;
				CLANG_WARN_EMPTY_BODY = YES;
				CLANG_WARN_ENUM_CONVERSION = YES;
				CLANG_WARN_INFINITE_RECURSION = YES;
				CLANG_WARN_INT_CONVERSION = YES;
				CLANG_WARN_NON_LITERAL_NULL_CONVERSION = YES;
				CLANG_WARN_OBJC_IMPLICIT_RETAIN_SELF = YES;
				CLANG_WARN_OBJC_LITERAL_CONVERSION = YES;
				CLANG_WARN_OBJC_ROOT_CLASS = YES_ERROR;
				CLANG_WARN_QUOTED_INCLUDE_IN_FRAMEWORK_HEADER = YES;
				CLANG_WARN_RANGE_LOOP_ANALYSIS = YES;
				CLANG_WARN_STRICT_PROTOTYPES = YES;
				CLANG_WARN_SUSPICIOUS_MOVE = YES;
				CLANG_WARN_UNGUARDED_AVAILABILITY = YES_AGGRESSIVE;
				CLANG_WARN_UNREACHABLE_CODE = YES;
				CLANG_WARN__DUPLICATE_METHOD_MATCH = YES;
				COPY_PHASE_STRIP = NO;
				DEBUG_INFORMATION_FORMAT = dwarf;
				ENABLE_STRICT_OBJC_MSGSEND = YES;
				ENABLE_TESTABILITY = YES;
				ENABLE_USER_SCRIPT_SANDBOXING = YES;
				GCC_C_LANGUAGE_STANDARD = gnu17;
				GCC_DYNAMIC_NO_PIC = NO;
				GCC_NO_COMMON_BLOCKS = YES;
				GCC_OPTIMIZATION_LEVEL = 0;
				GCC_PREPROCESSOR_DEFINITIONS = (
					"DEBUG=1",
					"$(inherited)",
				);
				GCC_WARN_64_TO_32_BIT_CONVERSION = YES;
				GCC_WARN_ABOUT_RETURN_TYPE = YES_ERROR;
				GCC_WARN_UNDECLARED_SELECTOR = YES;
				GCC_WARN_UNINITIALIZED_AUTOS = YES_AGGRESSIVE;
				GCC_WARN_UNUSED_FUNCTION = YES;
				GCC_WARN_UNUSED_VARIABLE = YES;
				IPHONEOS_DEPLOYMENT_TARGET = 18.2;
				LOCALIZATION_PREFERS_STRING_CATALOGS = YES;
				MTL_ENABLE_DEBUG_INFO = INCLUDE_SOURCE;
				MTL_FAST_MATH = YES;
				ONLY_ACTIVE_ARCH = YES;
				SDKROOT = iphoneos;
				SWIFT_ACTIVE_COMPILATION_CONDITIONS = "DEBUG $(inherited)";
				SWIFT_OPTIMIZATION_LEVEL = "-Onone";
			};
			name = Debug;
		};
		A50A01C42D6BEA5D0011EF6F /* Release */ = {
			isa = XCBuildConfiguration;
			buildSettings = {
				ALWAYS_SEARCH_USER_PATHS = NO;
				ASSETCATALOG_COMPILER_GENERATE_SWIFT_ASSET_SYMBOL_EXTENSIONS = YES;
				CLANG_ANALYZER_NONNULL = YES;
				CLANG_ANALYZER_NUMBER_OBJECT_CONVERSION = YES_AGGRESSIVE;
				CLANG_CXX_LANGUAGE_STANDARD = "gnu++20";
				CLANG_ENABLE_MODULES = YES;
				CLANG_ENABLE_OBJC_ARC = YES;
				CLANG_ENABLE_OBJC_WEAK = YES;
				CLANG_WARN_BLOCK_CAPTURE_AUTORELEASING = YES;
				CLANG_WARN_BOOL_CONVERSION = YES;
				CLANG_WARN_COMMA = YES;
				CLANG_WARN_CONSTANT_CONVERSION = YES;
				CLANG_WARN_DEPRECATED_OBJC_IMPLEMENTATIONS = YES;
				CLANG_WARN_DIRECT_OBJC_ISA_USAGE = YES_ERROR;
				CLANG_WARN_DOCUMENTATION_COMMENTS = YES;
				CLANG_WARN_EMPTY_BODY = YES;
				CLANG_WARN_ENUM_CONVERSION = YES;
				CLANG_WARN_INFINITE_RECURSION = YES;
				CLANG_WARN_INT_CONVERSION = YES;
				CLANG_WARN_NON_LITERAL_NULL_CONVERSION = YES;
				CLANG_WARN_OBJC_IMPLICIT_RETAIN_SELF = YES;
				CLANG_WARN_OBJC_LITERAL_CONVERSION = YES;
				CLANG_WARN_OBJC_ROOT_CLASS = YES_ERROR;
				CLANG_WARN_QUOTED_INCLUDE_IN_FRAMEWORK_HEADER = YES;
				CLANG_WARN_RANGE_LOOP_ANALYSIS = YES;
				CLANG_WARN_STRICT_PROTOTYPES = YES;
				CLANG_WARN_SUSPICIOUS_MOVE = YES;
				CLANG_WARN_UNGUARDED_AVAILABILITY = YES_AGGRESSIVE;
				CLANG_WARN_UNREACHABLE_CODE = YES;
				CLANG_WARN__DUPLICATE_METHOD_MATCH = YES;
				COPY_PHASE_STRIP = NO;
				DEBUG_INFORMATION_FORMAT = "dwarf-with-dsym";
				ENABLE_NS_ASSERTIONS = NO;
				ENABLE_STRICT_OBJC_MSGSEND = YES;
				ENABLE_USER_SCRIPT_SANDBOXING = YES;
				GCC_C_LANGUAGE_STANDARD = gnu17;
				GCC_NO_COMMON_BLOCKS = YES;
				GCC_WARN_64_TO_32_BIT_CONVERSION = YES;
				GCC_WARN_ABOUT_RETURN_TYPE = YES_ERROR;
				GCC_WARN_UNDECLARED_SELECTOR = YES;
				GCC_WARN_UNINITIALIZED_AUTOS = YES_AGGRESSIVE;
				GCC_WARN_UNUSED_FUNCTION = YES;
				GCC_WARN_UNUSED_VARIABLE = YES;
				IPHONEOS_DEPLOYMENT_TARGET = 18.2;
				LOCALIZATION_PREFERS_STRING_CATALOGS = YES;
				MTL_ENABLE_DEBUG_INFO = NO;
				MTL_FAST_MATH = YES;
				SDKROOT = iphoneos;
				SWIFT_COMPILATION_MODE = wholemodule;
				VALIDATE_PRODUCT = YES;
			};
			name = Release;
		};
		A50A01C62D6BEA5D0011EF6F /* Debug */ = {
			isa = XCBuildConfiguration;
			buildSettings = {
				ASSETCATALOG_COMPILER_APPICON_NAME = AppIcon;
				ASSETCATALOG_COMPILER_GLOBAL_ACCENT_COLOR_NAME = AccentColor;
				CODE_SIGN_STYLE = Automatic;
				CURRENT_PROJECT_VERSION = 1;
				DEVELOPMENT_ASSET_PATHS = "\"happy-eat-infinity/Preview Content\"";
				DEVELOPMENT_TEAM = G2CVP4KJ2Q;
				ENABLE_PREVIEWS = YES;
				GENERATE_INFOPLIST_FILE = YES;
				INFOPLIST_KEY_UIApplicationSceneManifest_Generation = YES;
				INFOPLIST_KEY_UIApplicationSupportsIndirectInputEvents = YES;
				INFOPLIST_KEY_UILaunchScreen_Generation = YES;
				INFOPLIST_KEY_UISupportedInterfaceOrientations_iPad = "UIInterfaceOrientationPortrait UIInterfaceOrientationPortraitUpsideDown UIInterfaceOrientationLandscapeLeft UIInterfaceOrientationLandscapeRight";
				INFOPLIST_KEY_UISupportedInterfaceOrientations_iPhone = "UIInterfaceOrientationPortrait UIInterfaceOrientationLandscapeLeft UIInterfaceOrientationLandscapeRight";
				LD_RUNPATH_SEARCH_PATHS = (
					"$(inherited)",
					"@executable_path/Frameworks",
				);
				MARKETING_VERSION = 1.0;
				PRODUCT_BUNDLE_IDENTIFIER = "matthewfang.happy-eat-5";
				PRODUCT_NAME = "$(TARGET_NAME)";
				SWIFT_EMIT_LOC_STRINGS = YES;
				SWIFT_VERSION = 5.0;
				TARGETED_DEVICE_FAMILY = "1,2";
			};
			name = Debug;
		};
		A50A01C72D6BEA5D0011EF6F /* Release */ = {
			isa = XCBuildConfiguration;
			buildSettings = {
				ASSETCATALOG_COMPILER_APPICON_NAME = AppIcon;
				ASSETCATALOG_COMPILER_GLOBAL_ACCENT_COLOR_NAME = AccentColor;
				CODE_SIGN_STYLE = Automatic;
				CURRENT_PROJECT_VERSION = 1;
				DEVELOPMENT_ASSET_PATHS = "\"happy-eat-infinity/Preview Content\"";
				DEVELOPMENT_TEAM = G2CVP4KJ2Q;
				ENABLE_PREVIEWS = YES;
				GENERATE_INFOPLIST_FILE = YES;
				INFOPLIST_KEY_UIApplicationSceneManifest_Generation = YES;
				INFOPLIST_KEY_UIApplicationSupportsIndirectInputEvents = YES;
				INFOPLIST_KEY_UILaunchScreen_Generation = YES;
				INFOPLIST_KEY_UISupportedInterfaceOrientations_iPad = "UIInterfaceOrientationPortrait UIInterfaceOrientationPortraitUpsideDown UIInterfaceOrientationLandscapeLeft UIInterfaceOrientationLandscapeRight";
				INFOPLIST_KEY_UISupportedInterfaceOrientations_iPhone = "UIInterfaceOrientationPortrait UIInterfaceOrientationLandscapeLeft UIInterfaceOrientationLandscapeRight";
				LD_RUNPATH_SEARCH_PATHS = (
					"$(inherited)",
					"@executable_path/Frameworks",
				);
				MARKETING_VERSION = 1.0;
				PRODUCT_BUNDLE_IDENTIFIER = "matthewfang.happy-eat-5";
				PRODUCT_NAME = "$(TARGET_NAME)";
				SWIFT_EMIT_LOC_STRINGS = YES;
				SWIFT_VERSION = 5.0;
				TARGETED_DEVICE_FAMILY = "1,2";
			};
			name = Release;
		};
		A50A01C92D6BEA5D0011EF6F /* Debug */ = {
			isa = XCBuildConfiguration;
			buildSettings = {
				BUNDLE_LOADER = "$(TEST_HOST)";
				CODE_SIGN_STYLE = Automatic;
				CURRENT_PROJECT_VERSION = 1;
				DEVELOPMENT_TEAM = 459BVP2W33;
				GENERATE_INFOPLIST_FILE = YES;
				IPHONEOS_DEPLOYMENT_TARGET = 18.2;
				MARKETING_VERSION = 1.0;
				PRODUCT_BUNDLE_IDENTIFIER = "matthewfang.happy-eat-infinityTests";
				PRODUCT_NAME = "$(TARGET_NAME)";
				SWIFT_EMIT_LOC_STRINGS = NO;
				SWIFT_VERSION = 5.0;
				TARGETED_DEVICE_FAMILY = "1,2";
				TEST_HOST = "$(BUILT_PRODUCTS_DIR)/happy-eat-5.app/$(BUNDLE_EXECUTABLE_FOLDER_PATH)/happy-eat-5";
			};
			name = Debug;
		};
		A50A01CA2D6BEA5D0011EF6F /* Release */ = {
			isa = XCBuildConfiguration;
			buildSettings = {
				BUNDLE_LOADER = "$(TEST_HOST)";
				CODE_SIGN_STYLE = Automatic;
				CURRENT_PROJECT_VERSION = 1;
				DEVELOPMENT_TEAM = 459BVP2W33;
				GENERATE_INFOPLIST_FILE = YES;
				IPHONEOS_DEPLOYMENT_TARGET = 18.2;
				MARKETING_VERSION = 1.0;
				PRODUCT_BUNDLE_IDENTIFIER = "matthewfang.happy-eat-infinityTests";
				PRODUCT_NAME = "$(TARGET_NAME)";
				SWIFT_EMIT_LOC_STRINGS = NO;
				SWIFT_VERSION = 5.0;
				TARGETED_DEVICE_FAMILY = "1,2";
				TEST_HOST = "$(BUILT_PRODUCTS_DIR)/happy-eat-5.app/$(BUNDLE_EXECUTABLE_FOLDER_PATH)/happy-eat-5";
			};
			name = Release;
		};
		A50A01CC2D6BEA5D0011EF6F /* Debug */ = {
			isa = XCBuildConfiguration;
			buildSettings = {
				CODE_SIGN_STYLE = Automatic;
				CURRENT_PROJECT_VERSION = 1;
				DEVELOPMENT_TEAM = 459BVP2W33;
				GENERATE_INFOPLIST_FILE = YES;
				MARKETING_VERSION = 1.0;
				PRODUCT_BUNDLE_IDENTIFIER = "matthewfang.happy-eat-infinityUITests";
				PRODUCT_NAME = "$(TARGET_NAME)";
				SWIFT_EMIT_LOC_STRINGS = NO;
				SWIFT_VERSION = 5.0;
				TARGETED_DEVICE_FAMILY = "1,2";
				TEST_TARGET_NAME = "happy-eat-infinity";
			};
			name = Debug;
		};
		A50A01CD2D6BEA5D0011EF6F /* Release */ = {
			isa = XCBuildConfiguration;
			buildSettings = {
				CODE_SIGN_STYLE = Automatic;
				CURRENT_PROJECT_VERSION = 1;
				DEVELOPMENT_TEAM = 459BVP2W33;
				GENERATE_INFOPLIST_FILE = YES;
				MARKETING_VERSION = 1.0;
				PRODUCT_BUNDLE_IDENTIFIER = "matthewfang.happy-eat-infinityUITests";
				PRODUCT_NAME = "$(TARGET_NAME)";
				SWIFT_EMIT_LOC_STRINGS = NO;
				SWIFT_VERSION = 5.0;
				TARGETED_DEVICE_FAMILY = "1,2";
				TEST_TARGET_NAME = "happy-eat-infinity";
			};
			name = Release;
		};
/* End XCBuildConfiguration section */

/* Begin XCConfigurationList section */
		A50A019C2D6BEA5C0011EF6F /* Build configuration list for PBXProject "happy-eat-5" */ = {
			isa = XCConfigurationList;
			buildConfigurations = (
				A50A01C32D6BEA5D0011EF6F /* Debug */,
				A50A01C42D6BEA5D0011EF6F /* Release */,
			);
			defaultConfigurationIsVisible = 0;
			defaultConfigurationName = Release;
		};
		A50A01C52D6BEA5D0011EF6F /* Build configuration list for PBXNativeTarget "happy-eat-5" */ = {
			isa = XCConfigurationList;
			buildConfigurations = (
				A50A01C62D6BEA5D0011EF6F /* Debug */,
				A50A01C72D6BEA5D0011EF6F /* Release */,
			);
			defaultConfigurationIsVisible = 0;
			defaultConfigurationName = Release;
		};
		A50A01C82D6BEA5D0011EF6F /* Build configuration list for PBXNativeTarget "happy-eat-5Tests" */ = {
			isa = XCConfigurationList;
			buildConfigurations = (
				A50A01C92D6BEA5D0011EF6F /* Debug */,
				A50A01CA2D6BEA5D0011EF6F /* Release */,
			);
			defaultConfigurationIsVisible = 0;
			defaultConfigurationName = Release;
		};
		A50A01CB2D6BEA5D0011EF6F /* Build configuration list for PBXNativeTarget "happy-eat-5UITests" */ = {
			isa = XCConfigurationList;
			buildConfigurations = (
				A50A01CC2D6BEA5D0011EF6F /* Debug */,
				A50A01CD2D6BEA5D0011EF6F /* Release */,
			);
			defaultConfigurationIsVisible = 0;
			defaultConfigurationName = Release;
		};
/* End XCConfigurationList section */

/* Begin XCRemoteSwiftPackageReference section */
		A53E59DA2D6BF301004D43DE /* XCRemoteSwiftPackageReference "DeckKit" */ = {
			isa = XCRemoteSwiftPackageReference;
			repositoryURL = "https://github.com/danielsaidi/DeckKit";
			requirement = {
				kind = upToNextMajorVersion;
				minimumVersion = 1.4.0;
			};
		};
/* End XCRemoteSwiftPackageReference section */

/* Begin XCSwiftPackageProductDependency section */
		A53E59DB2D6BF6AF004D43DE /* DeckKit */ = {
			isa = XCSwiftPackageProductDependency;
			package = A53E59DA2D6BF301004D43DE /* XCRemoteSwiftPackageReference "DeckKit" */;
			productName = DeckKit;
		};
/* End XCSwiftPackageProductDependency section */
	};
	rootObject = A50A01992D6BEA5C0011EF6F /* Project object */;
}
